PODS:
  - Expecta (0.3.0)
  - ISO8601DateFormatterValueTransformer (0.6.0):
    - RKValueTransformers (~> 1.1.0)
  - RKValueTransformers (1.1.0)

DEPENDENCIES:
  - Expecta (~> 0.3.0)
  - ISO8601DateFormatterValueTransformer (from `.`)

EXTERNAL SOURCES:
  ISO8601DateFormatterValueTransformer:
    :path: "."

SPEC CHECKSUMS:
  Expecta: 917bda2935b63ca7175741b8cf1b26796db6205f
  ISO8601DateFormatterValueTransformer: 3ac3a721381697cab4e792d8049ce2f2e9ad3036
  RKValueTransformers: f7883335ebb32fedf76157c1195762f1f0183147

COCOAPODS: 0.38.2
