PODS:
  - Expecta (0.3.1)
  - ISO8601DateFormatterValueTransformer (0.6.1):
    - RKValueTransformers (~> 1.1.0)
  - RKValueTransformers (1.1.0)

DEPENDENCIES:
  - Expecta (~> 0.3.0)
  - ISO8601DateFormatterValueTransformer (from `.`)

EXTERNAL SOURCES:
  ISO8601DateFormatterValueTransformer:
    :path: "."

SPEC CHECKSUMS:
  Expecta: a354d4633409dd9fe8c4f5ff5130426adbe31628
  ISO8601DateFormatterValueTransformer: 52da467d6ec899d6aedda8e48280ac92e8ee97e6
  RKValueTransformers: f7883335ebb32fedf76157c1195762f1f0183147

COCOAPODS: 0.38.2
